
Microsoft Visual Studio Solution File, Format Version 12.00
# Visual Studio 15
VisualStudioVersion = 15.0.28307.572
MinimumVisualStudioVersion = 10.0.40219.1
Project("{FAE04EC0-301F-11D3-BF4B-00C04F79EFBC}") = "SCTP", "SCTP\SCTP.csproj", "{19E9F68C-CB77-495E-B1FD-BF28F66E36FF}"
EndProject
Project("{FAE04EC0-301F-11D3-BF4B-00C04F79EFBC}") = "TestApp", "TestApp\TestApp.csproj", "{56298E48-D1EC-4C56-A8D6-AD3A9E52E9E5}"
EndProject
Project("{FAE04EC0-301F-11D3-BF4B-00C04F79EFBC}") = "ConsoleApp1", "ConsoleApp1\ConsoleApp1.csproj", "{0BE9D12C-6568-452E-BB81-DBF8DFEC754D}"
EndProject
Project("{FAE04EC0-301F-11D3-BF4B-00C04F79EFBC}") = "NetCore", "NetCore\NetCore.csproj", "{346BCEC3-45A1-41A9-8EB8-460C9D436FF0}"
EndProject
Global
	GlobalSection(SolutionConfigurationPlatforms) = preSolution
		Debug|Any CPU = Debug|Any CPU
		Release|Any CPU = Release|Any CPU
	EndGlobalSection
	GlobalSection(ProjectConfigurationPlatforms) = postSolution
		{19E9F68C-CB77-495E-B1FD-BF28F66E36FF}.Debug|Any CPU.ActiveCfg = Debug|Any CPU
		{19E9F68C-CB77-495E-B1FD-BF28F66E36FF}.Debug|Any CPU.Build.0 = Debug|Any CPU
		{19E9F68C-CB77-495E-B1FD-BF28F66E36FF}.Release|Any CPU.ActiveCfg = Release|Any CPU
		{19E9F68C-CB77-495E-B1FD-BF28F66E36FF}.Release|Any CPU.Build.0 = Release|Any CPU
		{56298E48-D1EC-4C56-A8D6-AD3A9E52E9E5}.Debug|Any CPU.ActiveCfg = Debug|Any CPU
		{56298E48-D1EC-4C56-A8D6-AD3A9E52E9E5}.Debug|Any CPU.Build.0 = Debug|Any CPU
		{56298E48-D1EC-4C56-A8D6-AD3A9E52E9E5}.Release|Any CPU.ActiveCfg = Release|Any CPU
		{56298E48-D1EC-4C56-A8D6-AD3A9E52E9E5}.Release|Any CPU.Build.0 = Release|Any CPU
		{0BE9D12C-6568-452E-BB81-DBF8DFEC754D}.Debug|Any CPU.ActiveCfg = Debug|Any CPU
		{0BE9D12C-6568-452E-BB81-DBF8DFEC754D}.Debug|Any CPU.Build.0 = Debug|Any CPU
		{0BE9D12C-6568-452E-BB81-DBF8DFEC754D}.Release|Any CPU.ActiveCfg = Release|Any CPU
		{0BE9D12C-6568-452E-BB81-DBF8DFEC754D}.Release|Any CPU.Build.0 = Release|Any CPU
		{346BCEC3-45A1-41A9-8EB8-460C9D436FF0}.Debug|Any CPU.ActiveCfg = Debug|Any CPU
		{346BCEC3-45A1-41A9-8EB8-460C9D436FF0}.Debug|Any CPU.Build.0 = Debug|Any CPU
		{346BCEC3-45A1-41A9-8EB8-460C9D436FF0}.Release|Any CPU.ActiveCfg = Release|Any CPU
		{346BCEC3-45A1-41A9-8EB8-460C9D436FF0}.Release|Any CPU.Build.0 = Release|Any CPU
	EndGlobalSection
	GlobalSection(SolutionProperties) = preSolution
		HideSolutionNode = FALSE
	EndGlobalSection
	GlobalSection(ExtensibilityGlobals) = postSolution
		SolutionGuid = {6C98F704-EEBD-4B72-B6CE-C84DF6CD0D4E}
	EndGlobalSection
EndGlobal
